
Microsoft Visual Studio Solution File, Format Version 12.00
# Visual Studio Version 17
VisualStudioVersion = 17.6.33815.320
MinimumVisualStudioVersion = 10.0.40219.1
Project("{9A19103F-16F7-4668-BE54-9A1E7A4F7556}") = "Lab1", "Lab1\Lab1.csproj", "{2A803B86-9D63-4A3D-9B0E-3FDBFC311DFB}"
EndProject
Project("{FAE04EC0-301F-11D3-BF4B-00C04F79EFBC}") = "MyListLibrary", "MyListLibrary\MyListLibrary.csproj", "{0F9EC17B-A9D0-4053-80EC-DAABAC746415}"
EndProject
Global
	GlobalSection(SolutionConfigurationPlatforms) = preSolution
		Debug|Any CPU = Debug|Any CPU
		Release|Any CPU = Release|Any CPU
	EndGlobalSection
	GlobalSection(ProjectConfigurationPlatforms) = postSolution
		{2A803B86-9D63-4A3D-9B0E-3FDBFC311DFB}.Debug|Any CPU.ActiveCfg = Debug|Any CPU
		{2A803B86-9D63-4A3D-9B0E-3FDBFC311DFB}.Debug|Any CPU.Build.0 = Debug|Any CPU
		{2A803B86-9D63-4A3D-9B0E-3FDBFC311DFB}.Release|Any CPU.ActiveCfg = Release|Any CPU
		{2A803B86-9D63-4A3D-9B0E-3FDBFC311DFB}.Release|Any CPU.Build.0 = Release|Any CPU
		{0F9EC17B-A9D0-4053-80EC-DAABAC746415}.Debug|Any CPU.ActiveCfg = Debug|Any CPU
		{0F9EC17B-A9D0-4053-80EC-DAABAC746415}.Debug|Any CPU.Build.0 = Debug|Any CPU
		{0F9EC17B-A9D0-4053-80EC-DAABAC746415}.Release|Any CPU.ActiveCfg = Release|Any CPU
		{0F9EC17B-A9D0-4053-80EC-DAABAC746415}.Release|Any CPU.Build.0 = Release|Any CPU
	EndGlobalSection
	GlobalSection(SolutionProperties) = preSolution
		HideSolutionNode = FALSE
	EndGlobalSection
	GlobalSection(ExtensibilityGlobals) = postSolution
		SolutionGuid = {89AFA404-F5A0-49D4-B6B5-553A18558E1E}
	EndGlobalSection
EndGlobal
